# THIS IS AN AUTOGENERATED FILE. DO NOT EDIT THIS FILE DIRECTLY.
# yarn lockfile v1


"@antv/x6@^3.1.8":
  version "3.1.8"
  resolved "https://registry.npmjs.org/@antv/x6/-/x6-3.1.8.tgz"
  integrity sha512-JVGxBRmjnqDr7W7Ql5XWc6FUtFcy+QlFaV31cv0pHIeVIJmyYnB5rHmdzz93CY5lCS/XcNBtOnNIIq6JVgfZ5w==
  dependencies:
    dom-align "^1.12.4"
    lodash-es "^4.17.15"
    mousetrap "^1.6.5"
    utility-types "^3.10.0"

"d3-dispatch@1 - 3":
  version "3.0.1"
  resolved "https://registry.npmmirror.com/d3-dispatch/-/d3-dispatch-3.0.1.tgz"
  integrity sha512-rzUyPU/S7rwUflMyLc1ETDeBj0NRuHKKAcvukozwhshr6g6c5d8zh4c2gQjY2bZ0dXeGLWc1PF174P2tVvKhfg==

d3-force@^3.0.0:
  version "3.0.0"
  resolved "https://registry.npmmirror.com/d3-force/-/d3-force-3.0.0.tgz"
  integrity sha512-zxV/SsA+U4yte8051P4ECydjD/S+qeYtnaIyAs9tgHCqfguma/aAQDjo85A9Z6EKhBirHRJHXIgJUlffT4wdLg==
  dependencies:
    d3-dispatch "1 - 3"
    d3-quadtree "1 - 3"
    d3-timer "1 - 3"

"d3-quadtree@1 - 3":
  version "3.0.1"
  resolved "https://registry.npmmirror.com/d3-quadtree/-/d3-quadtree-3.0.1.tgz"
  integrity sha512-04xDrxQTDTCFwP5H6hRhsRcb9xxv2RzkcsygFzmkSIOJy3PeRJP7sNk3VRIbKXcog561P9oU0/rVH6vDROAgUw==

"d3-timer@1 - 3":
  version "3.0.1"
  resolved "https://registry.npmmirror.com/d3-timer/-/d3-timer-3.0.1.tgz"
  integrity sha512-ndfJ/JxxMd3nw31uyKoY2naivF+r29V+Lc0svZxe1JvvIRmi8hUsrMvdOwgS1o6uBHmiz91geQ0ylPP0aj1VUA==

dom-align@^1.12.4:
  version "1.12.4"
  resolved "https://registry.npmjs.org/dom-align/-/dom-align-1.12.4.tgz"
  integrity sha512-R8LUSEay/68zE5c8/3BDxiTEvgb4xZTF0RKmAHfiEVN3klfIpXfi2/QCoiWPccVQ0J/ZGdz9OjzL4uJEP/MRAw==

echarts@^5.6.0:
  version "5.6.0"
  resolved "https://registry.npmmirror.com/echarts/-/echarts-5.6.0.tgz"
  integrity sha512-oTbVTsXfKuEhxftHqL5xprgLoc0k7uScAwtryCgWF6hPYFLRwOUHiFmHGCBKP5NPFNkDVopOieyUqYGH8Fa3kA==
  dependencies:
    tslib "2.3.0"
    zrender "5.6.1"

lodash-es@^4.17.15:
  version "4.18.1"
  resolved "https://registry.npmjs.org/lodash-es/-/lodash-es-4.18.1.tgz"
  integrity sha512-J8xewKD/Gk22OZbhpOVSwcs60zhd95ESDwezOFuA3/099925PdHJ7OFHNTGtajL3AlZkykD32HykiMo+BIBI8A==

mousetrap@^1.6.5:
  version "1.6.5"
  resolved "https://registry.npmjs.org/mousetrap/-/mousetrap-1.6.5.tgz"
  integrity sha512-QNo4kEepaIBwiT8CDhP98umTetp+JNfQYBWvC1pc6/OAibuXtRcxZ58Qz8skvEHYvURne/7R8T5VoOI7rDsEUA==

react-dom@^19.2.6:
  version "19.2.6"
  resolved "https://registry.npmmirror.com/react-dom/-/react-dom-19.2.6.tgz"
  integrity sha512-0prMI+hvBbPjsWnxDLxlCGyM8PN6UuWjEUCYmZhO67xIV9Xasa/r/vDnq+Xyq4Lo27g8QSbO5YzARu0D1Sps3g==
  dependencies:
    scheduler "^0.27.0"

react@^19.2.6:
  version "19.2.6"
  resolved "https://registry.npmmirror.com/react/-/react-19.2.6.tgz"
  integrity sha512-sfWGGfavi0xr8Pg0sVsyHMAOziVYKgPLNrS7ig+ivMNb3wbCBw3KxtflsGBAwD3gYQlE/AEZsTLgToRrSCjb0Q==

scheduler@^0.27.0:
  version "0.27.0"
  resolved "https://registry.npmmirror.com/scheduler/-/scheduler-0.27.0.tgz"
  integrity sha512-eNv+WrVbKu1f3vbYJT/xtiF5syA5HPIMtf9IgY/nKg0sWqzAUEvqY/xm7OcZc/qafLx/iO9FgOmeSAp4v5ti/Q==

three@^0.160.1:
  version "0.160.1"
  resolved "https://registry.npmmirror.com/three/-/three-0.160.1.tgz"
  integrity sha512-Bgl2wPJypDOZ1stAxwfWAcJ0WQf7QzlptsxkjYiURPz+n5k4RBDLsq+6f9Y75TYxn6aHLcWz+JNmwTOXWrQTBQ==

tslib@2.3.0:
  version "2.3.0"
  resolved "https://registry.npmmirror.com/tslib/-/tslib-2.3.0.tgz"
  integrity sha512-N82ooyxVNm6h1riLCoyS9e3fuJ3AMG2zIZs2Gd1ATcSFjSA23Q0fzjjZeh0jbJvWVDZ0cJT8yaNNaaXHzueNjg==

utility-types@^3.10.0:
  version "3.11.0"
  resolved "https://registry.npmjs.org/utility-types/-/utility-types-3.11.0.tgz"
  integrity sha512-6Z7Ma2aVEWisaL6TvBCy7P8rm2LQoPv6dJ7ecIaIixHcwfbJ0x7mWdbcwlIM5IGQxPZSFYeqRCqlOOeKoJYMkw==

zrender@5.6.1:
  version "5.6.1"
  resolved "https://registry.npmmirror.com/zrender/-/zrender-5.6.1.tgz"
  integrity sha512-OFXkDJKcrlx5su2XbzJvj/34Q3m6PvyCZkVPHGYpcCJ52ek4U/ymZyfuV1nKE23AyBJ51E/6Yr0mhZ7xGTO4ag==
  dependencies:
    tslib "2.3.0"
