# THIS IS AN AUTOGENERATED FILE. DO NOT EDIT THIS FILE DIRECTLY.
# yarn lockfile v1


"d3-dispatch@1 - 3":
  version "3.0.1"
  resolved "https://registry.npmmirror.com/d3-dispatch/-/d3-dispatch-3.0.1.tgz#5fc75284e9c2375c36c839411a0cf550cbfc4d5e"
  integrity sha512-rzUyPU/S7rwUflMyLc1ETDeBj0NRuHKKAcvukozwhshr6g6c5d8zh4c2gQjY2bZ0dXeGLWc1PF174P2tVvKhfg==

d3-force@^3.0.0:
  version "3.0.0"
  resolved "https://registry.npmmirror.com/d3-force/-/d3-force-3.0.0.tgz#3e2ba1a61e70888fe3d9194e30d6d14eece155c4"
  integrity sha512-zxV/SsA+U4yte8051P4ECydjD/S+qeYtnaIyAs9tgHCqfguma/aAQDjo85A9Z6EKhBirHRJHXIgJUlffT4wdLg==
  dependencies:
    d3-dispatch "1 - 3"
    d3-quadtree "1 - 3"
    d3-timer "1 - 3"

"d3-quadtree@1 - 3":
  version "3.0.1"
  resolved "https://registry.npmmirror.com/d3-quadtree/-/d3-quadtree-3.0.1.tgz#6dca3e8be2b393c9a9d514dabbd80a92deef1a4f"
  integrity sha512-04xDrxQTDTCFwP5H6hRhsRcb9xxv2RzkcsygFzmkSIOJy3PeRJP7sNk3VRIbKXcog561P9oU0/rVH6vDROAgUw==

"d3-timer@1 - 3":
  version "3.0.1"
  resolved "https://registry.npmmirror.com/d3-timer/-/d3-timer-3.0.1.tgz#6284d2a2708285b1abb7e201eda4380af35e63b0"
  integrity sha512-ndfJ/JxxMd3nw31uyKoY2naivF+r29V+Lc0svZxe1JvvIRmi8hUsrMvdOwgS1o6uBHmiz91geQ0ylPP0aj1VUA==

echarts@^5.6.0:
  version "5.6.0"
  resolved "https://registry.npmmirror.com/echarts/-/echarts-5.6.0.tgz#2377874dca9fb50f104051c3553544752da3c9d6"
  integrity sha512-oTbVTsXfKuEhxftHqL5xprgLoc0k7uScAwtryCgWF6hPYFLRwOUHiFmHGCBKP5NPFNkDVopOieyUqYGH8Fa3kA==
  dependencies:
    tslib "2.3.0"
    zrender "5.6.1"

react-dom@^19.2.6:
  version "19.2.6"
  resolved "https://registry.npmmirror.com/react-dom/-/react-dom-19.2.6.tgz#44a81b0bcca22da814c00847d09d01c8615529b7"
  integrity sha512-0prMI+hvBbPjsWnxDLxlCGyM8PN6UuWjEUCYmZhO67xIV9Xasa/r/vDnq+Xyq4Lo27g8QSbO5YzARu0D1Sps3g==
  dependencies:
    scheduler "^0.27.0"

react@^19.2.6:
  version "19.2.6"
  resolved "https://registry.npmmirror.com/react/-/react-19.2.6.tgz#3dadb8e12b2a7934c1d5317973e5dce1301f9a4d"
  integrity sha512-sfWGGfavi0xr8Pg0sVsyHMAOziVYKgPLNrS7ig+ivMNb3wbCBw3KxtflsGBAwD3gYQlE/AEZsTLgToRrSCjb0Q==

scheduler@^0.27.0:
  version "0.27.0"
  resolved "https://registry.npmmirror.com/scheduler/-/scheduler-0.27.0.tgz#0c4ef82d67d1e5c1e359e8fc76d3a87f045fe5bd"
  integrity sha512-eNv+WrVbKu1f3vbYJT/xtiF5syA5HPIMtf9IgY/nKg0sWqzAUEvqY/xm7OcZc/qafLx/iO9FgOmeSAp4v5ti/Q==

three@^0.160.1:
  version "0.160.1"
  resolved "https://registry.npmmirror.com/three/-/three-0.160.1.tgz#61fe2907312e8604b1f64187f58e047503847413"
  integrity sha512-Bgl2wPJypDOZ1stAxwfWAcJ0WQf7QzlptsxkjYiURPz+n5k4RBDLsq+6f9Y75TYxn6aHLcWz+JNmwTOXWrQTBQ==

tslib@2.3.0:
  version "2.3.0"
  resolved "https://registry.npmmirror.com/tslib/-/tslib-2.3.0.tgz#803b8cdab3e12ba581a4ca41c8839bbb0dacb09e"
  integrity sha512-N82ooyxVNm6h1riLCoyS9e3fuJ3AMG2zIZs2Gd1ATcSFjSA23Q0fzjjZeh0jbJvWVDZ0cJT8yaNNaaXHzueNjg==

zrender@5.6.1:
  version "5.6.1"
  resolved "https://registry.npmmirror.com/zrender/-/zrender-5.6.1.tgz#e08d57ecf4acac708c4fcb7481eb201df7f10a6b"
  integrity sha512-OFXkDJKcrlx5su2XbzJvj/34Q3m6PvyCZkVPHGYpcCJ52ek4U/ymZyfuV1nKE23AyBJ51E/6Yr0mhZ7xGTO4ag==
  dependencies:
    tslib "2.3.0"
